# This file was generated by Aiken
# You typically do not need to edit this file

[[requirements]]
name = "aiken-lang/stdlib"
version = "v3"
source = "github"

[[requirements]]
name = "aiken-lang/merkle-patricia-forestry"
version = "2.1.0"
source = "github"

[[packages]]
name = "aiken-lang/stdlib"
version = "v3"
requirements = []
source = "github"

[[packages]]
name = "aiken-lang/merkle-patricia-forestry"
version = "2.1.0"
requirements = []
source = "github"

[etags]
"aiken-lang/stdlib@v3" = [{ secs_since_epoch = 1782584240, nanos_since_epoch = 68643018 }, "af07baa40c4bf15c9bafd899efc2240b7eaddc61e99e2d848fa5af1fab447aa7"]
